
Microsoft Visual Studio Solution File, Format Version 12.00
# Visual Studio 15
VisualStudioVersion = 15.0.27130.2027
MinimumVisualStudioVersion = 10.0.40219.1
Project("{FAE04EC0-301F-11D3-BF4B-00C04F79EFBC}") = "AlbumDemo", "Album\AlbumDemo.csproj", "{382E73F9-8D52-477E-B518-EA7F1283FCD4}"
EndProject
Global
	GlobalSection(SolutionConfigurationPlatforms) = preSolution
		Debug|Any CPU = Debug|Any CPU
		Release|Any CPU = Release|Any CPU
	EndGlobalSection
	GlobalSection(ProjectConfigurationPlatforms) = postSolution
		{382E73F9-8D52-477E-B518-EA7F1283FCD4}.Debug|Any CPU.ActiveCfg = Debug|Any CPU
		{382E73F9-8D52-477E-B518-EA7F1283FCD4}.Debug|Any CPU.Build.0 = Debug|Any CPU
		{382E73F9-8D52-477E-B518-EA7F1283FCD4}.Release|Any CPU.ActiveCfg = Release|Any CPU
		{382E73F9-8D52-477E-B518-EA7F1283FCD4}.Release|Any CPU.Build.0 = Release|Any CPU
	EndGlobalSection
	GlobalSection(SolutionProperties) = preSolution
		HideSolutionNode = FALSE
	EndGlobalSection
	GlobalSection(ExtensibilityGlobals) = postSolution
		SolutionGuid = {F276CA65-C251-463A-9286-57BC6274AF06}
	EndGlobalSection
EndGlobal
